Microsoft Visual Studio Solution File, Format Version 12.00
# Visual Studio Version 17
VisualStudioVersion = 17.0.31903.59
MinimumVisualStudioVersion = 10.0.40219.1
Project("{D954291E-2A0B-460D-934E-DC6B0785DB48}") = "SpiralWar.Shared", "SpiralWar.Shared\SpiralWar.Shared.shproj", "{A5C5D2B0-3F7E-4E8A-B123-9D6C45F87A12}"
EndProject
Project("{FAE04EC0-301F-11D3-BF4B-00C04F79EFBC}") = "SpiralWar.Desktop", "SpiralWar.Desktop\SpiralWar.Desktop.csproj", "{B8E4F5A6-2345-6789-BCDE-234567890123}"
EndProject
Global
	GlobalSection(SolutionConfigurationPlatforms) = preSolution
		Debug|Any CPU = Debug|Any CPU
		Release|Any CPU = Release|Any CPU
	EndGlobalSection
	GlobalSection(ProjectConfigurationPlatforms) = postSolution
		{B8E4F5A6-2345-6789-BCDE-234567890123}.Debug|Any CPU.ActiveCfg = Debug|Any CPU
		{B8E4F5A6-2345-6789-BCDE-234567890123}.Debug|Any CPU.Build.0 = Debug|Any CPU
		{B8E4F5A6-2345-6789-BCDE-234567890123}.Release|Any CPU.ActiveCfg = Release|Any CPU
		{B8E4F5A6-2345-6789-BCDE-234567890123}.Release|Any CPU.Build.0 = Release|Any CPU
	EndGlobalSection
	GlobalSection(SolutionProperties) = preSolution
		HideSolutionNode = FALSE
	EndGlobalSection
	GlobalSection(SharedMSBuildProjectFiles) = preSolution
		SpiralWar.Shared\SpiralWar.Shared.projitems*{a5c5d2b0-3f7e-4e8a-b123-9d6c45f87a12}*SharedItemsImports = 13
		SpiralWar.Shared\SpiralWar.Shared.projitems*{b8e4f5a6-2345-6789-bcde-234567890123}*SharedItemsImports = 5
	EndGlobalSection
EndGlobal
